
Microsoft Visual Studio Solution File, Format Version 12.00
# Visual Studio Version 16
VisualStudioVersion = 16.0.31624.102
MinimumVisualStudioVersion = 10.0.40219.1
Project("{FAE04EC0-301F-11D3-BF4B-00C04F79EFBC}") = "UserMaintenance", "UserMaintenance\UserMaintenance.csproj", "{87CEEDE1-D98F-419A-A399-7DF6667767D0}"
EndProject
Project("{FAE04EC0-301F-11D3-BF4B-00C04F79EFBC}") = "WindowsFormsApp1", "..\WindowsFormsApp1\WindowsFormsApp1.csproj", "{C13D42E0-C6E7-41F1-8827-A3A402322136}"
EndProject
Global
	GlobalSection(SolutionConfigurationPlatforms) = preSolution
		Debug|Any CPU = Debug|Any CPU
		Release|Any CPU = Release|Any CPU
	EndGlobalSection
	GlobalSection(ProjectConfigurationPlatforms) = postSolution
		{87CEEDE1-D98F-419A-A399-7DF6667767D0}.Debug|Any CPU.ActiveCfg = Debug|Any CPU
		{87CEEDE1-D98F-419A-A399-7DF6667767D0}.Debug|Any CPU.Build.0 = Debug|Any CPU
		{87CEEDE1-D98F-419A-A399-7DF6667767D0}.Release|Any CPU.ActiveCfg = Release|Any CPU
		{87CEEDE1-D98F-419A-A399-7DF6667767D0}.Release|Any CPU.Build.0 = Release|Any CPU
		{C13D42E0-C6E7-41F1-8827-A3A402322136}.Debug|Any CPU.ActiveCfg = Debug|Any CPU
		{C13D42E0-C6E7-41F1-8827-A3A402322136}.Debug|Any CPU.Build.0 = Debug|Any CPU
		{C13D42E0-C6E7-41F1-8827-A3A402322136}.Release|Any CPU.ActiveCfg = Release|Any CPU
		{C13D42E0-C6E7-41F1-8827-A3A402322136}.Release|Any CPU.Build.0 = Release|Any CPU
	EndGlobalSection
	GlobalSection(SolutionProperties) = preSolution
		HideSolutionNode = FALSE
	EndGlobalSection
	GlobalSection(ExtensibilityGlobals) = postSolution
		SolutionGuid = {C8B40C43-F888-4DED-887D-D41A78A60E81}
	EndGlobalSection
EndGlobal
